
Microsoft Visual Studio Solution File, Format Version 12.00
# Visual Studio Version 16
VisualStudioVersion = 16.0.33027.164
MinimumVisualStudioVersion = 10.0.40219.1
Project("{FAE04EC0-301F-11D3-BF4B-00C04F79EFBC}") = "HomeWork07 Class", "HomeWork07 Class\HomeWork07 Class.csproj", "{F06E9FBF-D168-4793-9A81-A7C0A8F75F8A}"
EndProject
Global
	GlobalSection(SolutionConfigurationPlatforms) = preSolution
		Debug|Any CPU = Debug|Any CPU
		Release|Any CPU = Release|Any CPU
	EndGlobalSection
	GlobalSection(ProjectConfigurationPlatforms) = postSolution
		{F06E9FBF-D168-4793-9A81-A7C0A8F75F8A}.Debug|Any CPU.ActiveCfg = Debug|Any CPU
		{F06E9FBF-D168-4793-9A81-A7C0A8F75F8A}.Debug|Any CPU.Build.0 = Debug|Any CPU
		{F06E9FBF-D168-4793-9A81-A7C0A8F75F8A}.Release|Any CPU.ActiveCfg = Release|Any CPU
		{F06E9FBF-D168-4793-9A81-A7C0A8F75F8A}.Release|Any CPU.Build.0 = Release|Any CPU
	EndGlobalSection
	GlobalSection(SolutionProperties) = preSolution
		HideSolutionNode = FALSE
	EndGlobalSection
	GlobalSection(ExtensibilityGlobals) = postSolution
		SolutionGuid = {94D1FB9C-CB50-4F91-AB13-7914133A0319}
	EndGlobalSection
EndGlobal
